Microsoft Visual Studio Solution File, Format Version 11.00
# Visual Studio 2008

Project("{EAFC4F5A-E209-019C-2611-FBBFE8E7953B}") = "Game of Life 1", "Assembly-CSharp.csproj", "{B77C7A79-1396-3CDA-CFD2-BF5B049B449E}"
EndProject
Project("{EAFC4F5A-E209-019C-2611-FBBFE8E7953B}") = "Game of Life 1", "Assembly-CSharp-Editor.csproj", "{8A7AFBF0-3D7C-123C-CA29-4B5B174A1A85}"
EndProject
Global
	GlobalSection(SolutionConfigurationPlatforms) = preSolution
		Debug|Any CPU = Debug|Any CPU
		Release|Any CPU = Release|Any CPU
	EndGlobalSection
	GlobalSection(ProjectConfigurationPlatforms) = postSolution
		{B77C7A79-1396-3CDA-CFD2-BF5B049B449E}.Debug|Any CPU.ActiveCfg = Debug|Any CPU
		{B77C7A79-1396-3CDA-CFD2-BF5B049B449E}.Debug|Any CPU.Build.0 = Debug|Any CPU
		{B77C7A79-1396-3CDA-CFD2-BF5B049B449E}.Release|Any CPU.ActiveCfg = Release|Any CPU
		{B77C7A79-1396-3CDA-CFD2-BF5B049B449E}.Release|Any CPU.Build.0 = Release|Any CPU
		{8A7AFBF0-3D7C-123C-CA29-4B5B174A1A85}.Debug|Any CPU.ActiveCfg = Debug|Any CPU
		{8A7AFBF0-3D7C-123C-CA29-4B5B174A1A85}.Debug|Any CPU.Build.0 = Debug|Any CPU
		{8A7AFBF0-3D7C-123C-CA29-4B5B174A1A85}.Release|Any CPU.ActiveCfg = Release|Any CPU
		{8A7AFBF0-3D7C-123C-CA29-4B5B174A1A85}.Release|Any CPU.Build.0 = Release|Any CPU
	EndGlobalSection
	GlobalSection(SolutionProperties) = preSolution
		HideSolutionNode = FALSE
	EndGlobalSection
																																																																																																																																																																																																																																																																																																																																																																																																																																																																																																																																									GlobalSection(MonoDevelopProperties) = preSolution
		StartupItem = Assembly-CSharp.csproj
		Policies = $0
		$0.TextStylePolicy = $1
		$1.inheritsSet = null
		$1.scope = text/x-csharp
		$0.CSharpFormattingPolicy = $2
		$2.inheritsSet = Mono
		$2.inheritsScope = text/x-csharp
		$2.scope = text/x-csharp
		$0.TextStylePolicy = $3
		$3.FileWidth = 120
		$3.TabWidth = 4
		$3.IndentWidth = 4
		$3.EolMarker = Unix
		$3.inheritsSet = Mono
		$3.inheritsScope = text/plain
		$3.scope = text/plain
	EndGlobalSection

EndGlobal
